{
  "version": 1,
  "dependencies": {
    "net7.0-windows7.0": {
      "DalamudPackager": {
        "type": "Direct",
        "requested": "[2.1.10, )",
        "resolved": "2.1.10",
        "contentHash": "S6NrvvOnLgT4GDdgwuKVJjbFo+8ZEj+JsEYk9ojjOR/MMfv1dIFpT8aRJQfI24rtDcw1uF+GnSSMN4WW1yt7fw=="
      },
      "GraphQL.Client": {
        "type": "Direct",
        "requested": "[5.1.1, )",
        "resolved": "5.1.1",
        "contentHash": "6bfM9qU4AMcFWm4BHd2M6LE5+rLtK47/+VRtypggwb9appC8sbF58ytVBVOKpqKhKpmZERfPLGJap8O/FH3w5w==",
        "dependencies": {
          "GraphQL.Client.Abstractions": "5.1.1",
          "GraphQL.Client.Abstractions.Websocket": "5.1.1",
          "System.Reactive": "5.0.0"
        }
      },
      "GraphQL.Client.Serializer.Newtonsoft": {
        "type": "Direct",
        "requested": "[5.1.1, )",
        "resolved": "5.1.1",
        "contentHash": "K0laxF0Jd7x35XTsDfn9DIlqDBT0LrzwM9uXOqczF91WUFgjOrakaMhEkuVd23umS339q098J1Qgdy5gumSiAw==",
        "dependencies": {
          "GraphQL.Client.Abstractions.Websocket": "5.1.1",
          "Newtonsoft.Json": "13.0.2"
        }
      },
      "Humanizer.Core": {
        "type": "Direct",
        "requested": "[2.14.1, )",
        "resolved": "2.14.1",
        "contentHash": "lQKvtaTDOXnoVJ20ibTuSIOf2i0uO0MPbDhd1jm238I+U/2ZnRENj0cktKZhtchBMtCUSRQ5v4xBCUbKNmyVMw=="
      },
      "GraphQL.Client.Abstractions": {
        "type": "Transitive",
        "resolved": "5.1.1",
        "contentHash": "/znG7Lcz3rzG9VSCq+V2ARb63c/uIs8idGOvXyltZ32Wy570GX/I8HNUIZ1yDThmQRJ5KOGSd9Mzk37lFg49rg==",
        "dependencies": {
          "GraphQL.Primitives": "5.1.1"
        }
      },
      "GraphQL.Client.Abstractions.Websocket": {
        "type": "Transitive",
        "resolved": "5.1.1",
        "contentHash": "n1gU3GlqJ0jQceb/VEEr4c0D2vpQc5AtDwthK89+yX7VpzlhJKqE5B4RJwx//Jb33mKybfJioWwDgVfSOPAwdw==",
        "dependencies": {
          "GraphQL.Client.Abstractions": "5.1.1"
        }
      },
      "GraphQL.Primitives": {
        "type": "Transitive",
        "resolved": "5.1.1",
        "contentHash": "RlGNsv19gbz6sQwkzif9J6Jd148nuIg1kRQf2AFOLp5K00IA+pKMdJvHF5t5llDR52Rok46ynhJv/wg+ps9ZhQ=="
      },
      "Newtonsoft.Json": {
        "type": "Transitive",
        "resolved": "13.0.2",
        "contentHash": "R2pZ3B0UjeyHShm9vG+Tu0EBb2lC8b0dFzV9gVn50ofHXh9Smjk6kTn7A/FdAsC8B5cKib1OnGYOXxRBz5XQDg=="
      },
      "System.Reactive": {
        "type": "Transitive",
        "resolved": "5.0.0",
        "contentHash": "erBZjkQHWL9jpasCE/0qKAryzVBJFxGHVBAvgRN1bzM0q2s1S4oYREEEL0Vb+1kA/6BKb5FjUZMp5VXmy+gzkQ=="
      }
    }
  }
}