{
  "version": 1,
  "dependencies": {
    "net7.0-windows7.0": {
      "DalamudPackager": {
        "type": "Direct",
        "requested": "[2.1.11, )",
        "resolved": "2.1.11",
        "contentHash": "9qlAWoRRTiL/geAvuwR/g6Bcbrd/bJJgVnB/RurBiyKs6srsP0bvpoo8IK+Eg8EA6jWeM6/YJWs66w4FIAzqPw=="
      },
      "GraphQL.Client": {
        "type": "Direct",
        "requested": "[6.0.0, )",
        "resolved": "6.0.0",
        "contentHash": "8yPNBbuVBpTptivyAlak4GZvbwbUcjeQTL4vN1HKHRuOykZ4r7l5fcLS6vpyPyLn0x8FsL31xbOIKyxbmR9rbA==",
        "dependencies": {
          "GraphQL.Client.Abstractions": "6.0.0",
          "GraphQL.Client.Abstractions.Websocket": "6.0.0",
          "System.Reactive": "5.0.0"
        }
      },
      "GraphQL.Client.Serializer.Newtonsoft": {
        "type": "Direct",
        "requested": "[6.0.0, )",
        "resolved": "6.0.0",
        "contentHash": "6AFZjq4MZhR2e1ZZOi++NXMTq0y3Q+sT3S/UAIcLRJ7H6lQ8nxoAbzrlToui/m2j5gO9UL4Pmc+CdvM/H+t8Xg==",
        "dependencies": {
          "GraphQL.Client.Abstractions.Websocket": "6.0.0",
          "Newtonsoft.Json": "13.0.2"
        }
      },
      "Humanizer.Core": {
        "type": "Direct",
        "requested": "[2.14.1, )",
        "resolved": "2.14.1",
        "contentHash": "lQKvtaTDOXnoVJ20ibTuSIOf2i0uO0MPbDhd1jm238I+U/2ZnRENj0cktKZhtchBMtCUSRQ5v4xBCUbKNmyVMw=="
      },
      "GraphQL.Client.Abstractions": {
        "type": "Transitive",
        "resolved": "6.0.0",
        "contentHash": "h7uzWFORHZ+CCjwr/ThAyXMr0DPpzEANDa4Uo54wqCQ+j7qUKwqYTgOrb1W40sqbvNaZm9v/X7It31SUw0maHA==",
        "dependencies": {
          "GraphQL.Primitives": "6.0.0"
        }
      },
      "GraphQL.Client.Abstractions.Websocket": {
        "type": "Transitive",
        "resolved": "6.0.0",
        "contentHash": "Nr9bPf8gIOvLuXpqEpqr9z9jslYFJOvd0feHth3/kPqeR3uMbjF5pjiwh4jxyMcxHdr8Pb6QiXkV3hsSyt0v7A==",
        "dependencies": {
          "GraphQL.Client.Abstractions": "6.0.0"
        }
      },
      "GraphQL.Primitives": {
        "type": "Transitive",
        "resolved": "6.0.0",
        "contentHash": "yg72rrYDapfsIUrul7aF6wwNnTJBOFvuA9VdDTQpPa8AlAriHbufeXYLBcodKjfUdkCnaiggX1U/nEP08Zb5GA=="
      },
      "Newtonsoft.Json": {
        "type": "Transitive",
        "resolved": "13.0.2",
        "contentHash": "R2pZ3B0UjeyHShm9vG+Tu0EBb2lC8b0dFzV9gVn50ofHXh9Smjk6kTn7A/FdAsC8B5cKib1OnGYOXxRBz5XQDg=="
      },
      "System.Reactive": {
        "type": "Transitive",
        "resolved": "5.0.0",
        "contentHash": "erBZjkQHWL9jpasCE/0qKAryzVBJFxGHVBAvgRN1bzM0q2s1S4oYREEEL0Vb+1kA/6BKb5FjUZMp5VXmy+gzkQ=="
      }
    }
  }
}