{
  "version": 1,
  "dependencies": {
    "net7.0-windows7.0": {
      "DalamudPackager": {
        "type": "Direct",
        "requested": "[2.1.12, )",
        "resolved": "2.1.12",
        "contentHash": "Sc0PVxvgg4NQjcI8n10/VfUQBAS4O+Fw2pZrAqBdRMbthYGeogzu5+xmIGCGmsEZ/ukMOBuAqiNiB5qA3MRalg=="
      },
      "GraphQL.Client": {
        "type": "Direct",
        "requested": "[6.0.2, )",
        "resolved": "6.0.2",
        "contentHash": "to0STnqWUIGfujL2kbWmR08wMGVFITxgmbAlKTk22OGJ70HlNVqrqrafCPeIwjfPJjZH8j1Vl115hRS63NPgGQ==",
        "dependencies": {
          "GraphQL.Client.Abstractions": "6.0.2",
          "GraphQL.Client.Abstractions.Websocket": "6.0.2",
          "System.Reactive": "6.0.0"
        }
      },
      "GraphQL.Client.Serializer.Newtonsoft": {
        "type": "Direct",
        "requested": "[6.0.2, )",
        "resolved": "6.0.2",
        "contentHash": "ritKoo/YAhq3uKE5TB9nNlJtAtgiK3VKMhpDazksh+FYPJf9Jz3+/cW9jFpOwgeASpVBnTl5PxDgeRv8UvMHuA==",
        "dependencies": {
          "GraphQL.Client.Abstractions.Websocket": "6.0.2",
          "Newtonsoft.Json": "13.0.3"
        }
      },
      "Humanizer.Core": {
        "type": "Direct",
        "requested": "[2.14.1, )",
        "resolved": "2.14.1",
        "contentHash": "lQKvtaTDOXnoVJ20ibTuSIOf2i0uO0MPbDhd1jm238I+U/2ZnRENj0cktKZhtchBMtCUSRQ5v4xBCUbKNmyVMw=="
      },
      "GraphQL.Client.Abstractions": {
        "type": "Transitive",
        "resolved": "6.0.2",
        "contentHash": "/fyvoj9ghCYMIWlSOriMwSu0ElnQduWbkIPEytGo8Yw8FMIzYUIxGatbbwtiTrHCksFE8phQVeQgnixsRmxyIw==",
        "dependencies": {
          "GraphQL.Primitives": "6.0.2"
        }
      },
      "GraphQL.Client.Abstractions.Websocket": {
        "type": "Transitive",
        "resolved": "6.0.2",
        "contentHash": "7Y/hRjivZ6yx3F0nk6lXT8xRbSkD8UKRhIT3KoXT8Ehgj/ufIZb2fSc/U4Y9nUHH2dTjk+1Aq5KXg5FKe7JkqQ==",
        "dependencies": {
          "GraphQL.Client.Abstractions": "6.0.2"
        }
      },
      "GraphQL.Primitives": {
        "type": "Transitive",
        "resolved": "6.0.2",
        "contentHash": "mV1Gdv0ytSa8qzK2iTv4bgkiWrN71guON5NUkBkTt7Fo+9fP/EU7IAjg8vJIYfCBHfJ0lRD86r3xixR1qx7BHA=="
      },
      "Newtonsoft.Json": {
        "type": "Transitive",
        "resolved": "13.0.3",
        "contentHash": "HrC5BXdl00IP9zeV+0Z848QWPAoCr9P3bDEZguI+gkLcBKAOxix/tLEAAHC+UvDNPv4a2d18lOReHMOagPa+zQ=="
      },
      "System.Reactive": {
        "type": "Transitive",
        "resolved": "6.0.0",
        "contentHash": "31kfaW4ZupZzPsI5PVe77VhnvFF55qgma7KZr/E0iFTs6fmdhhG8j0mgEx620iLTey1EynOkEfnyTjtNEpJzGw=="
      }
    }
  }
}